<?xml version="1.0" encoding="utf-8"?>
<Project ToolsVersion="4.0" xmlns="http://schemas.microsoft.com/developer/msbuild/2003">
  <ItemGroup>
    <Filter Include="util">
      <UniqueIdentifier>{33688c87-a36d-4747-a5f3-8415e240561f}</UniqueIdentifier>
    </Filter>
    <Filter Include="scene">
      <UniqueIdentifier>{a6606d14-deb4-49f3-a761-4db67716c078}</UniqueIdentifier>
    </Filter>
  </ItemGroup>
  <ItemGroup>
    <ClCompile Include="src\util\Window.cpp">
      <Filter>util</Filter>
    </ClCompile>
    <ClCompile Include="src\AVGEngine.cpp" />
    <ClCompile Include="src\scene\MainMenuScene.cpp">
      <Filter>scene</Filter>
    </ClCompile>
    <ClCompile Include="src\util\Config.cpp">
      <Filter>util</Filter>
    </ClCompile>
    <ClCompile Include="src\util\Resource.cpp">
      <Filter>util</Filter>
    </ClCompile>
    <ClCompile Include="src\util\Texture.cpp">
      <Filter>util</Filter>
    </ClCompile>
    <ClCompile Include="src\scene\Scene.cpp">
      <Filter>scene</Filter>
    </ClCompile>
  </ItemGroup>
  <ItemGroup>
    <ClInclude Include="src\util\Window.h">
      <Filter>util</Filter>
    </ClInclude>
    <ClInclude Include="src\Application.h" />
    <ClInclude Include="src\scene\MainMenuScene.h">
      <Filter>scene</Filter>
    </ClInclude>
    <ClInclude Include="src\util\Resource.h">
      <Filter>util</Filter>
    </ClInclude>
    <ClInclude Include="src\util\Config.h">
      <Filter>util</Filter>
    </ClInclude>
    <ClInclude Include="src\util\Texture.h">
      <Filter>util</Filter>
    </ClInclude>
    <ClInclude Include="src\util\OpenGL.h">
      <Filter>util</Filter>
    </ClInclude>
    <ClInclude Include="src\scene\WidgetContainer.h">
      <Filter>scene</Filter>
    </ClInclude>
    <ClInclude Include="src\scene\Widget.h">
      <Filter>scene</Filter>
    </ClInclude>
    <ClInclude Include="src\scene\Scene.h">
      <Filter>scene</Filter>
    </ClInclude>
    <ClInclude Include="src\util\DynamicObj.h">
      <Filter>util</Filter>
    </ClInclude>
  </ItemGroup>
</Project>